
Microsoft Visual Studio Solution File, Format Version 12.00
# Visual Studio Version 16
VisualStudioVersion = 16.0.28803.352
MinimumVisualStudioVersion = 10.0.40219.1
Project("{FAE04EC0-301F-11D3-BF4B-00C04F79EFBC}") = "NASAApi", "NASAApi\NASAApi.csproj", "{C52E51E7-524C-426B-B43A-2A3D667BABD6}"
EndProject
Project("{FAE04EC0-301F-11D3-BF4B-00C04F79EFBC}") = "NASAApi.Models", "NASAApi.Models\NASAApi.Models.csproj", "{538ADCBB-1E14-42EB-9A8F-5F9A959D7325}"
EndProject
Global
	GlobalSection(SolutionConfigurationPlatforms) = preSolution
		Debug|Any CPU = Debug|Any CPU
		Release|Any CPU = Release|Any CPU
	EndGlobalSection
	GlobalSection(ProjectConfigurationPlatforms) = postSolution
		{C52E51E7-524C-426B-B43A-2A3D667BABD6}.Debug|Any CPU.ActiveCfg = Debug|Any CPU
		{C52E51E7-524C-426B-B43A-2A3D667BABD6}.Debug|Any CPU.Build.0 = Debug|Any CPU
		{C52E51E7-524C-426B-B43A-2A3D667BABD6}.Release|Any CPU.ActiveCfg = Release|Any CPU
		{C52E51E7-524C-426B-B43A-2A3D667BABD6}.Release|Any CPU.Build.0 = Release|Any CPU
		{538ADCBB-1E14-42EB-9A8F-5F9A959D7325}.Debug|Any CPU.ActiveCfg = Debug|Any CPU
		{538ADCBB-1E14-42EB-9A8F-5F9A959D7325}.Debug|Any CPU.Build.0 = Debug|Any CPU
		{538ADCBB-1E14-42EB-9A8F-5F9A959D7325}.Release|Any CPU.ActiveCfg = Release|Any CPU
		{538ADCBB-1E14-42EB-9A8F-5F9A959D7325}.Release|Any CPU.Build.0 = Release|Any CPU
	EndGlobalSection
	GlobalSection(SolutionProperties) = preSolution
		HideSolutionNode = FALSE
	EndGlobalSection
	GlobalSection(ExtensibilityGlobals) = postSolution
		SolutionGuid = {CACA74A4-9824-4A88-862D-2502FBC3FF2A}
	EndGlobalSection
EndGlobal
